
Microsoft Visual Studio Solution File, Format Version 12.00
# Visual Studio Version 17
VisualStudioVersion = 17.14.36811.4 d17.14
MinimumVisualStudioVersion = 10.0.40219.1
Project("{FAE04EC0-301F-11D3-BF4B-00C04F79EFBC}") = "BudgetTracker", "BudgetTracker\BudgetTracker.csproj", "{5CB66F19-61A0-41DF-97C0-2DFFDF16D2BB}"
EndProject
Global
	GlobalSection(SolutionConfigurationPlatforms) = preSolution
		Debug|Any CPU = Debug|Any CPU
		Release|Any CPU = Release|Any CPU
	EndGlobalSection
	GlobalSection(ProjectConfigurationPlatforms) = postSolution
		{5CB66F19-61A0-41DF-97C0-2DFFDF16D2BB}.Debug|Any CPU.ActiveCfg = Debug|Any CPU
		{5CB66F19-61A0-41DF-97C0-2DFFDF16D2BB}.Debug|Any CPU.Build.0 = Debug|Any CPU
		{5CB66F19-61A0-41DF-97C0-2DFFDF16D2BB}.Release|Any CPU.ActiveCfg = Release|Any CPU
		{5CB66F19-61A0-41DF-97C0-2DFFDF16D2BB}.Release|Any CPU.Build.0 = Release|Any CPU
	EndGlobalSection
	GlobalSection(SolutionProperties) = preSolution
		HideSolutionNode = FALSE
	EndGlobalSection
	GlobalSection(ExtensibilityGlobals) = postSolution
		SolutionGuid = {041FF540-9CE6-45BA-8C2C-F31536B37875}
	EndGlobalSection
EndGlobal
